// !$*UTF8*$!
{
	archiveVersion = 1;
	classes = {
	};
	objectVersion = 50;
	objects = {

/* Begin PBXBuildFile section */
		3B6C8C4E24E63B3A0093DD3D /* DrawingApp.swift in Sources */ = {isa = PBXBuildFile; fileRef = 3B6C8C4D24E63B3A0093DD3D /* DrawingApp.swift */; };
		3B6C8C5024E63B3B0093DD3D /* ContentView.swift in Sources */ = {isa = PBXBuildFile; fileRef = 3B6C8C4F24E63B3B0093DD3D /* ContentView.swift */; };
		3B6C8C5224E63B430093DD3D /* Assets.xcassets in Resources */ = {isa = PBXBuildFile; fileRef = 3B6C8C5124E63B430093DD3D /* Assets.xcassets */; };
		3B6C8C5524E63B430093DD3D /* Preview Assets.xcassets in Resources */ = {isa = PBXBuildFile; fileRef = 3B6C8C5424E63B430093DD3D /* Preview Assets.xcassets */; };
		3B6C8C5E24E65E7B0093DD3D /* MainView.swift in Sources */ = {isa = PBXBuildFile; fileRef = 3B6C8C5D24E65E7B0093DD3D /* MainView.swift */; };
		3B6C8C6024E65F200093DD3D /* TrianglePathExample.swift in Sources */ = {isa = PBXBuildFile; fileRef = 3B6C8C5F24E65F200093DD3D /* TrianglePathExample.swift */; };
		3B6C8C6224E6634B0093DD3D /* CustomShapesExample.swift in Sources */ = {isa = PBXBuildFile; fileRef = 3B6C8C6124E6634B0093DD3D /* CustomShapesExample.swift */; };
		3B6C8C6624E664850093DD3D /* Triangle.swift in Sources */ = {isa = PBXBuildFile; fileRef = 3B6C8C6524E664850093DD3D /* Triangle.swift */; };
		3B6C8C6824E667340093DD3D /* Arc.swift in Sources */ = {isa = PBXBuildFile; fileRef = 3B6C8C6724E667340093DD3D /* Arc.swift */; };
		3B6C8C6A24E66DBA0093DD3D /* RadialFlowerExample.swift in Sources */ = {isa = PBXBuildFile; fileRef = 3B6C8C6924E66DBA0093DD3D /* RadialFlowerExample.swift */; };
		3B6C8C6C24E66E2E0093DD3D /* RadialFlower.swift in Sources */ = {isa = PBXBuildFile; fileRef = 3B6C8C6B24E66E2E0093DD3D /* RadialFlower.swift */; };
		3B6C8C6E24E67EAE0093DD3D /* ColorGradientCyclingExample.swift in Sources */ = {isa = PBXBuildFile; fileRef = 3B6C8C6D24E67EAE0093DD3D /* ColorGradientCyclingExample.swift */; };
		3B6C8C7124E67F350093DD3D /* ColorCyclingCircle.swift in Sources */ = {isa = PBXBuildFile; fileRef = 3B6C8C7024E67F350093DD3D /* ColorCyclingCircle.swift */; };
		3B6C8C7424E6853A0093DD3D /* BlendModesListView.swift in Sources */ = {isa = PBXBuildFile; fileRef = 3B6C8C7324E6853A0093DD3D /* BlendModesListView.swift */; };
		3B6C8C7624E690130093DD3D /* ScreenedCirclesExample.swift in Sources */ = {isa = PBXBuildFile; fileRef = 3B6C8C7524E690130093DD3D /* ScreenedCirclesExample.swift */; };
		3B6C8C7824E694420093DD3D /* Trapezoid.swift in Sources */ = {isa = PBXBuildFile; fileRef = 3B6C8C7724E694420093DD3D /* Trapezoid.swift */; };
		3B6C8C7A24E6977C0093DD3D /* AnimatableDataExample.swift in Sources */ = {isa = PBXBuildFile; fileRef = 3B6C8C7924E6977C0093DD3D /* AnimatableDataExample.swift */; };
/* End PBXBuildFile section */

/* Begin PBXFileReference section */
		3B6C8C4A24E63B3A0093DD3D /* Drawing.app */ = {isa = PBXFileReference; explicitFileType = wrapper.application; includeInIndex = 0; path = Drawing.app; sourceTree = BUILT_PRODUCTS_DIR; };
		3B6C8C4D24E63B3A0093DD3D /* DrawingApp.swift */ = {isa = PBXFileReference; lastKnownFileType = sourcecode.swift; path = DrawingApp.swift; sourceTree = "<group>"; };
		3B6C8C4F24E63B3B0093DD3D /* ContentView.swift */ = {isa = PBXFileReference; lastKnownFileType = sourcecode.swift; path = ContentView.swift; sourceTree = "<group>"; };
		3B6C8C5124E63B430093DD3D /* Assets.xcassets */ = {isa = PBXFileReference; lastKnownFileType = folder.assetcatalog; path = Assets.xcassets; sourceTree = "<group>"; };
		3B6C8C5424E63B430093DD3D /* Preview Assets.xcassets */ = {isa = PBXFileReference; lastKnownFileType = folder.assetcatalog; path = "Preview Assets.xcassets"; sourceTree = "<group>"; };
		3B6C8C5624E63B430093DD3D /* Info.plist */ = {isa = PBXFileReference; lastKnownFileType = text.plist.xml; path = Info.plist; sourceTree = "<group>"; };
		3B6C8C5D24E65E7B0093DD3D /* MainView.swift */ = {isa = PBXFileReference; lastKnownFileType = sourcecode.swift; path = MainView.swift; sourceTree = "<group>"; };
		3B6C8C5F24E65F200093DD3D /* TrianglePathExample.swift */ = {isa = PBXFileReference; lastKnownFileType = sourcecode.swift; path = TrianglePathExample.swift; sourceTree = "<group>"; };
		3B6C8C6124E6634B0093DD3D /* CustomShapesExample.swift */ = {isa = PBXFileReference; lastKnownFileType = sourcecode.swift; path = CustomShapesExample.swift; sourceTree = "<group>"; };
		3B6C8C6524E664850093DD3D /* Triangle.swift */ = {isa = PBXFileReference; lastKnownFileType = sourcecode.swift; path = Triangle.swift; sourceTree = "<group>"; };
		3B6C8C6724E667340093DD3D /* Arc.swift */ = {isa = PBXFileReference; lastKnownFileType = sourcecode.swift; path = Arc.swift; sourceTree = "<group>"; };
		3B6C8C6924E66DBA0093DD3D /* RadialFlowerExample.swift */ = {isa = PBXFileReference; lastKnownFileType = sourcecode.swift; path = RadialFlowerExample.swift; sourceTree = "<group>"; };
		3B6C8C6B24E66E2E0093DD3D /* RadialFlower.swift */ = {isa = PBXFileReference; lastKnownFileType = sourcecode.swift; path = RadialFlower.swift; sourceTree = "<group>"; };
		3B6C8C6D24E67EAE0093DD3D /* ColorGradientCyclingExample.swift */ = {isa = PBXFileReference; lastKnownFileType = sourcecode.swift; path = ColorGradientCyclingExample.swift; sourceTree = "<group>"; };
		3B6C8C7024E67F350093DD3D /* ColorCyclingCircle.swift */ = {isa = PBXFileReference; lastKnownFileType = sourcecode.swift; path = ColorCyclingCircle.swift; sourceTree = "<group>"; };
		3B6C8C7324E6853A0093DD3D /* BlendModesListView.swift */ = {isa = PBXFileReference; lastKnownFileType = sourcecode.swift; path = BlendModesListView.swift; sourceTree = "<group>"; };
		3B6C8C7524E690130093DD3D /* ScreenedCirclesExample.swift */ = {isa = PBXFileReference; lastKnownFileType = sourcecode.swift; path = ScreenedCirclesExample.swift; sourceTree = "<group>"; };
		3B6C8C7724E694420093DD3D /* Trapezoid.swift */ = {isa = PBXFileReference; lastKnownFileType = sourcecode.swift; path = Trapezoid.swift; sourceTree = "<group>"; };
		3B6C8C7924E6977C0093DD3D /* AnimatableDataExample.swift */ = {isa = PBXFileReference; lastKnownFileType = sourcecode.swift; path = AnimatableDataExample.swift; sourceTree = "<group>"; };
/* End PBXFileReference section */

/* Begin PBXFrameworksBuildPhase section */
		3B6C8C4724E63B3A0093DD3D /* Frameworks */ = {
			isa = PBXFrameworksBuildPhase;
			buildActionMask = 2147483647;
			files = (
			);
			runOnlyForDeploymentPostprocessing = 0;
		};
/* End PBXFrameworksBuildPhase section */

/* Begin PBXGroup section */
		3B6C8C4124E63B3A0093DD3D = {
			isa = PBXGroup;
			children = (
				3B6C8C4C24E63B3A0093DD3D /* Drawing */,
				3B6C8C4B24E63B3A0093DD3D /* Products */,
			);
			sourceTree = "<group>";
		};
		3B6C8C4B24E63B3A0093DD3D /* Products */ = {
			isa = PBXGroup;
			children = (
				3B6C8C4A24E63B3A0093DD3D /* Drawing.app */,
			);
			name = Products;
			sourceTree = "<group>";
		};
		3B6C8C4C24E63B3A0093DD3D /* Drawing */ = {
			isa = PBXGroup;
			children = (
				3B6C8C4D24E63B3A0093DD3D /* DrawingApp.swift */,
				3B6C8C4F24E63B3B0093DD3D /* ContentView.swift */,
				3B6C8C6324E6642E0093DD3D /* Reusables */,
				3B6C8C5C24E65E5B0093DD3D /* Scenes */,
				3B6C8C5124E63B430093DD3D /* Assets.xcassets */,
				3B6C8C5624E63B430093DD3D /* Info.plist */,
				3B6C8C5324E63B430093DD3D /* Preview Content */,
			);
			path = Drawing;
			sourceTree = "<group>";
		};
		3B6C8C5324E63B430093DD3D /* Preview Content */ = {
			isa = PBXGroup;
			children = (
				3B6C8C5424E63B430093DD3D /* Preview Assets.xcassets */,
			);
			path = "Preview Content";
			sourceTree = "<group>";
		};
		3B6C8C5C24E65E5B0093DD3D /* Scenes */ = {
			isa = PBXGroup;
			children = (
				3B6C8C7224E685120093DD3D /* Blend Modes */,
				3B6C8C5D24E65E7B0093DD3D /* MainView.swift */,
				3B6C8C5F24E65F200093DD3D /* TrianglePathExample.swift */,
				3B6C8C6124E6634B0093DD3D /* CustomShapesExample.swift */,
				3B6C8C6924E66DBA0093DD3D /* RadialFlowerExample.swift */,
				3B6C8C6D24E67EAE0093DD3D /* ColorGradientCyclingExample.swift */,
				3B6C8C7924E6977C0093DD3D /* AnimatableDataExample.swift */,
			);
			path = Scenes;
			sourceTree = "<group>";
		};
		3B6C8C6324E6642E0093DD3D /* Reusables */ = {
			isa = PBXGroup;
			children = (
				3B6C8C6F24E67F2A0093DD3D /* Views */,
				3B6C8C6424E664500093DD3D /* Shapes */,
			);
			path = Reusables;
			sourceTree = "<group>";
		};
		3B6C8C6424E664500093DD3D /* Shapes */ = {
			isa = PBXGroup;
			children = (
				3B6C8C6524E664850093DD3D /* Triangle.swift */,
				3B6C8C6724E667340093DD3D /* Arc.swift */,
				3B6C8C6B24E66E2E0093DD3D /* RadialFlower.swift */,
				3B6C8C7724E694420093DD3D /* Trapezoid.swift */,
			);
			path = Shapes;
			sourceTree = "<group>";
		};
		3B6C8C6F24E67F2A0093DD3D /* Views */ = {
			isa = PBXGroup;
			children = (
				3B6C8C7024E67F350093DD3D /* ColorCyclingCircle.swift */,
			);
			path = Views;
			sourceTree = "<group>";
		};
		3B6C8C7224E685120093DD3D /* Blend Modes */ = {
			isa = PBXGroup;
			children = (
				3B6C8C7324E6853A0093DD3D /* BlendModesListView.swift */,
				3B6C8C7524E690130093DD3D /* ScreenedCirclesExample.swift */,
			);
			path = "Blend Modes";
			sourceTree = "<group>";
		};
/* End PBXGroup section */

/* Begin PBXNativeTarget section */
		3B6C8C4924E63B3A0093DD3D /* Drawing */ = {
			isa = PBXNativeTarget;
			buildConfigurationList = 3B6C8C5924E63B430093DD3D /* Build configuration list for PBXNativeTarget "Drawing" */;
			buildPhases = (
				3B6C8C4624E63B3A0093DD3D /* Sources */,
				3B6C8C4724E63B3A0093DD3D /* Frameworks */,
				3B6C8C4824E63B3A0093DD3D /* Resources */,
			);
			buildRules = (
			);
			dependencies = (
			);
			name = Drawing;
			productName = Drawing;
			productReference = 3B6C8C4A24E63B3A0093DD3D /* Drawing.app */;
			productType = "com.apple.product-type.application";
		};
/* End PBXNativeTarget section */

/* Begin PBXProject section */
		3B6C8C4224E63B3A0093DD3D /* Project object */ = {
			isa = PBXProject;
			attributes = {
				LastSwiftUpdateCheck = 1200;
				LastUpgradeCheck = 1200;
				TargetAttributes = {
					3B6C8C4924E63B3A0093DD3D = {
						CreatedOnToolsVersion = 12.0;
					};
				};
			};
			buildConfigurationList = 3B6C8C4524E63B3A0093DD3D /* Build configuration list for PBXProject "Drawing" */;
			compatibilityVersion = "Xcode 9.3";
			developmentRegion = en;
			hasScannedForEncodings = 0;
			knownRegions = (
				en,
				Base,
			);
			mainGroup = 3B6C8C4124E63B3A0093DD3D;
			productRefGroup = 3B6C8C4B24E63B3A0093DD3D /* Products */;
			projectDirPath = "";
			projectRoot = "";
			targets = (
				3B6C8C4924E63B3A0093DD3D /* Drawing */,
			);
		};
/* End PBXProject section */

/* Begin PBXResourcesBuildPhase section */
		3B6C8C4824E63B3A0093DD3D /* Resources */ = {
			isa = PBXResourcesBuildPhase;
			buildActionMask = 2147483647;
			files = (
				3B6C8C5524E63B430093DD3D /* Preview Assets.xcassets in Resources */,
				3B6C8C5224E63B430093DD3D /* Assets.xcassets in Resources */,
			);
			runOnlyForDeploymentPostprocessing = 0;
		};
/* End PBXResourcesBuildPhase section */

/* Begin PBXSourcesBuildPhase section */
		3B6C8C4624E63B3A0093DD3D /* Sources */ = {
			isa = PBXSourcesBuildPhase;
			buildActionMask = 2147483647;
			files = (
				3B6C8C6224E6634B0093DD3D /* CustomShapesExample.swift in Sources */,
				3B6C8C5024E63B3B0093DD3D /* ContentView.swift in Sources */,
				3B6C8C6824E667340093DD3D /* Arc.swift in Sources */,
				3B6C8C5E24E65E7B0093DD3D /* MainView.swift in Sources */,
				3B6C8C6E24E67EAE0093DD3D /* ColorGradientCyclingExample.swift in Sources */,
				3B6C8C7124E67F350093DD3D /* ColorCyclingCircle.swift in Sources */,
				3B6C8C7A24E6977C0093DD3D /* AnimatableDataExample.swift in Sources */,
				3B6C8C6A24E66DBA0093DD3D /* RadialFlowerExample.swift in Sources */,
				3B6C8C6624E664850093DD3D /* Triangle.swift in Sources */,
				3B6C8C7624E690130093DD3D /* ScreenedCirclesExample.swift in Sources */,
				3B6C8C6C24E66E2E0093DD3D /* RadialFlower.swift in Sources */,
				3B6C8C4E24E63B3A0093DD3D /* DrawingApp.swift in Sources */,
				3B6C8C6024E65F200093DD3D /* TrianglePathExample.swift in Sources */,
				3B6C8C7824E694420093DD3D /* Trapezoid.swift in Sources */,
				3B6C8C7424E6853A0093DD3D /* BlendModesListView.swift in Sources */,
			);
			runOnlyForDeploymentPostprocessing = 0;
		};
/* End PBXSourcesBuildPhase section */

/* Begin XCBuildConfiguration section */
		3B6C8C5724E63B430093DD3D /* Debug */ = {
			isa = XCBuildConfiguration;
			buildSettings = {
				ALWAYS_SEARCH_USER_PATHS = NO;
				CLANG_ANALYZER_NONNULL = YES;
				CLANG_ANALYZER_NUMBER_OBJECT_CONVERSION = YES_AGGRESSIVE;
				CLANG_CXX_LANGUAGE_STANDARD = "gnu++14";
				CLANG_CXX_LIBRARY = "libc++";
				CLANG_ENABLE_MODULES = YES;
				CLANG_ENABLE_OBJC_ARC = YES;
				CLANG_ENABLE_OBJC_WEAK = YES;
				CLANG_WARN_BLOCK_CAPTURE_AUTORELEASING = YES;
				CLANG_WARN_BOOL_CONVERSION = YES;
				CLANG_WARN_COMMA = YES;
				CLANG_WARN_CONSTANT_CONVERSION = YES;
				CLANG_WARN_DEPRECATED_OBJC_IMPLEMENTATIONS = YES;
				CLANG_WARN_DIRECT_OBJC_ISA_USAGE = YES_ERROR;
				CLANG_WARN_DOCUMENTATION_COMMENTS = YES;
				CLANG_WARN_EMPTY_BODY = YES;
				CLANG_WARN_ENUM_CONVERSION = YES;
				CLANG_WARN_INFINITE_RECURSION = YES;
				CLANG_WARN_INT_CONVERSION = YES;
				CLANG_WARN_NON_LITERAL_NULL_CONVERSION = YES;
				CLANG_WARN_OBJC_IMPLICIT_RETAIN_SELF = YES;
				CLANG_WARN_OBJC_LITERAL_CONVERSION = YES;
				CLANG_WARN_OBJC_ROOT_CLASS = YES_ERROR;
				CLANG_WARN_QUOTED_INCLUDE_IN_FRAMEWORK_HEADER = YES;
				CLANG_WARN_RANGE_LOOP_ANALYSIS = YES;
				CLANG_WARN_STRICT_PROTOTYPES = YES;
				CLANG_WARN_SUSPICIOUS_MOVE = YES;
				CLANG_WARN_UNGUARDED_AVAILABILITY = YES_AGGRESSIVE;
				CLANG_WARN_UNREACHABLE_CODE = YES;
				CLANG_WARN__DUPLICATE_METHOD_MATCH = YES;
				COPY_PHASE_STRIP = NO;
				DEBUG_INFORMATION_FORMAT = dwarf;
				ENABLE_STRICT_OBJC_MSGSEND = YES;
				ENABLE_TESTABILITY = YES;
				GCC_C_LANGUAGE_STANDARD = gnu11;
				GCC_DYNAMIC_NO_PIC = NO;
				GCC_NO_COMMON_BLOCKS = YES;
				GCC_OPTIMIZATION_LEVEL = 0;
				GCC_PREPROCESSOR_DEFINITIONS = (
					"DEBUG=1",
					"$(inherited)",
				);
				GCC_WARN_64_TO_32_BIT_CONVERSION = YES;
				GCC_WARN_ABOUT_RETURN_TYPE = YES_ERROR;
				GCC_WARN_UNDECLARED_SELECTOR = YES;
				GCC_WARN_UNINITIALIZED_AUTOS = YES_AGGRESSIVE;
				GCC_WARN_UNUSED_FUNCTION = YES;
				GCC_WARN_UNUSED_VARIABLE = YES;
				IPHONEOS_DEPLOYMENT_TARGET = 14.0;
				MTL_ENABLE_DEBUG_INFO = INCLUDE_SOURCE;
				MTL_FAST_MATH = YES;
				ONLY_ACTIVE_ARCH = YES;
				SDKROOT = iphoneos;
				SWIFT_ACTIVE_COMPILATION_CONDITIONS = DEBUG;
				SWIFT_OPTIMIZATION_LEVEL = "-Onone";
			};
			name = Debug;
		};
		3B6C8C5824E63B430093DD3D /* Release */ = {
			isa = XCBuildConfiguration;
			buildSettings = {
				ALWAYS_SEARCH_USER_PATHS = NO;
				CLANG_ANALYZER_NONNULL = YES;
				CLANG_ANALYZER_NUMBER_OBJECT_CONVERSION = YES_AGGRESSIVE;
				CLANG_CXX_LANGUAGE_STANDARD = "gnu++14";
				CLANG_CXX_LIBRARY = "libc++";
				CLANG_ENABLE_MODULES = YES;
				CLANG_ENABLE_OBJC_ARC = YES;
				CLANG_ENABLE_OBJC_WEAK = YES;
				CLANG_WARN_BLOCK_CAPTURE_AUTORELEASING = YES;
				CLANG_WARN_BOOL_CONVERSION = YES;
				CLANG_WARN_COMMA = YES;
				CLANG_WARN_CONSTANT_CONVERSION = YES;
				CLANG_WARN_DEPRECATED_OBJC_IMPLEMENTATIONS = YES;
				CLANG_WARN_DIRECT_OBJC_ISA_USAGE = YES_ERROR;
				CLANG_WARN_DOCUMENTATION_COMMENTS = YES;
				CLANG_WARN_EMPTY_BODY = YES;
				CLANG_WARN_ENUM_CONVERSION = YES;
				CLANG_WARN_INFINITE_RECURSION = YES;
				CLANG_WARN_INT_CONVERSION = YES;
				CLANG_WARN_NON_LITERAL_NULL_CONVERSION = YES;
				CLANG_WARN_OBJC_IMPLICIT_RETAIN_SELF = YES;
				CLANG_WARN_OBJC_LITERAL_CONVERSION = YES;
				CLANG_WARN_OBJC_ROOT_CLASS = YES_ERROR;
				CLANG_WARN_QUOTED_INCLUDE_IN_FRAMEWORK_HEADER = YES;
				CLANG_WARN_RANGE_LOOP_ANALYSIS = YES;
				CLANG_WARN_STRICT_PROTOTYPES = YES;
				CLANG_WARN_SUSPICIOUS_MOVE = YES;
				CLANG_WARN_UNGUARDED_AVAILABILITY = YES_AGGRESSIVE;
				CLANG_WARN_UNREACHABLE_CODE = YES;
				CLANG_WARN__DUPLICATE_METHOD_MATCH = YES;
				COPY_PHASE_STRIP = NO;
				DEBUG_INFORMATION_FORMAT = "dwarf-with-dsym";
				ENABLE_NS_ASSERTIONS = NO;
				ENABLE_STRICT_OBJC_MSGSEND = YES;
				GCC_C_LANGUAGE_STANDARD = gnu11;
				GCC_NO_COMMON_BLOCKS = YES;
				GCC_WARN_64_TO_32_BIT_CONVERSION = YES;
				GCC_WARN_ABOUT_RETURN_TYPE = YES_ERROR;
				GCC_WARN_UNDECLARED_SELECTOR = YES;
				GCC_WARN_UNINITIALIZED_AUTOS = YES_AGGRESSIVE;
				GCC_WARN_UNUSED_FUNCTION = YES;
				GCC_WARN_UNUSED_VARIABLE = YES;
				IPHONEOS_DEPLOYMENT_TARGET = 14.0;
				MTL_ENABLE_DEBUG_INFO = NO;
				MTL_FAST_MATH = YES;
				SDKROOT = iphoneos;
				SWIFT_COMPILATION_MODE = wholemodule;
				SWIFT_OPTIMIZATION_LEVEL = "-O";
				VALIDATE_PRODUCT = YES;
			};
			name = Release;
		};
		3B6C8C5A24E63B430093DD3D /* Debug */ = {
			isa = XCBuildConfiguration;
			buildSettings = {
				ASSETCATALOG_COMPILER_APPICON_NAME = AppIcon;
				ASSETCATALOG_COMPILER_GLOBAL_ACCENT_COLOR_NAME = AccentColor;
				CODE_SIGN_STYLE = Automatic;
				DEVELOPMENT_ASSET_PATHS = "\"Drawing/Preview Content\"";
				ENABLE_PREVIEWS = YES;
				INFOPLIST_FILE = Drawing/Info.plist;
				IPHONEOS_DEPLOYMENT_TARGET = 14.0;
				LD_RUNPATH_SEARCH_PATHS = (
					"$(inherited)",
					"@executable_path/Frameworks",
				);
				PRODUCT_BUNDLE_IDENTIFIER = cn.com.tTao.Drawing;
				PRODUCT_NAME = "$(TARGET_NAME)";
				SWIFT_VERSION = 5.0;
				TARGETED_DEVICE_FAMILY = "1,2";
			};
			name = Debug;
		};
		3B6C8C5B24E63B430093DD3D /* Release */ = {
			isa = XCBuildConfiguration;
			buildSettings = {
				ASSETCATALOG_COMPILER_APPICON_NAME = AppIcon;
				ASSETCATALOG_COMPILER_GLOBAL_ACCENT_COLOR_NAME = AccentColor;
				CODE_SIGN_STYLE = Automatic;
				DEVELOPMENT_ASSET_PATHS = "\"Drawing/Preview Content\"";
				ENABLE_PREVIEWS = YES;
				INFOPLIST_FILE = Drawing/Info.plist;
				IPHONEOS_DEPLOYMENT_TARGET = 14.0;
				LD_RUNPATH_SEARCH_PATHS = (
					"$(inherited)",
					"@executable_path/Frameworks",
				);
				PRODUCT_BUNDLE_IDENTIFIER = cn.com.tTao.Drawing;
				PRODUCT_NAME = "$(TARGET_NAME)";
				SWIFT_VERSION = 5.0;
				TARGETED_DEVICE_FAMILY = "1,2";
			};
			name = Release;
		};
/* End XCBuildConfiguration section */

/* Begin XCConfigurationList section */
		3B6C8C4524E63B3A0093DD3D /* Build configuration list for PBXProject "Drawing" */ = {
			isa = XCConfigurationList;
			buildConfigurations = (
				3B6C8C5724E63B430093DD3D /* Debug */,
				3B6C8C5824E63B430093DD3D /* Release */,
			);
			defaultConfigurationIsVisible = 0;
			defaultConfigurationName = Release;
		};
		3B6C8C5924E63B430093DD3D /* Build configuration list for PBXNativeTarget "Drawing" */ = {
			isa = XCConfigurationList;
			buildConfigurations = (
				3B6C8C5A24E63B430093DD3D /* Debug */,
				3B6C8C5B24E63B430093DD3D /* Release */,
			);
			defaultConfigurationIsVisible = 0;
			defaultConfigurationName = Release;
		};
/* End XCConfigurationList section */
	};
	rootObject = 3B6C8C4224E63B3A0093DD3D /* Project object */;
}
